
Microsoft Visual Studio Solution File, Format Version 12.00
# Visual Studio Version 17
VisualStudioVersion = 17.7.34202.233
MinimumVisualStudioVersion = 10.0.40219.1
Project("{FAE04EC0-301F-11D3-BF4B-00C04F79EFBC}") = "Expense", "Expense\Expense.csproj", "{AB7C52A5-7EF1-4CE5-BF18-6357304DE4F6}"
EndProject
Global
	GlobalSection(SolutionConfigurationPlatforms) = preSolution
		Debug|Any CPU = Debug|Any CPU
		Release|Any CPU = Release|Any CPU
	EndGlobalSection
	GlobalSection(ProjectConfigurationPlatforms) = postSolution
		{AB7C52A5-7EF1-4CE5-BF18-6357304DE4F6}.Debug|Any CPU.ActiveCfg = Debug|Any CPU
		{AB7C52A5-7EF1-4CE5-BF18-6357304DE4F6}.Debug|Any CPU.Build.0 = Debug|Any CPU
		{AB7C52A5-7EF1-4CE5-BF18-6357304DE4F6}.Release|Any CPU.ActiveCfg = Release|Any CPU
		{AB7C52A5-7EF1-4CE5-BF18-6357304DE4F6}.Release|Any CPU.Build.0 = Release|Any CPU
	EndGlobalSection
	GlobalSection(SolutionProperties) = preSolution
		HideSolutionNode = FALSE
	EndGlobalSection
	GlobalSection(ExtensibilityGlobals) = postSolution
		SolutionGuid = {7CBFE134-6710-4F3F-B675-077465C83906}
	EndGlobalSection
EndGlobal
